
Microsoft Visual Studio Solution File, Format Version 12.00
# Visual Studio Version 17
VisualStudioVersion = 17.11.35327.3
MinimumVisualStudioVersion = 10.0.40219.1
Project("{FAE04EC0-301F-11D3-BF4B-00C04F79EFBC}") = "CadastroDeProdutos", "CadastroDeProdutos\CadastroDeProdutos.csproj", "{F33A0F6E-C5D2-4F33-ADC1-91E4507A7345}"
EndProject
Project("{2150E333-8FDC-42A3-9474-1A3956D46DE8}") = "Itens de Solução", "Itens de Solução", "{97888AD1-BC3C-440F-A192-FC227FD44653}"
	ProjectSection(SolutionItems) = preProject
		..\.gitignore = ..\.gitignore
	EndProjectSection
EndProject
Global
	GlobalSection(SolutionConfigurationPlatforms) = preSolution
		Debug|Any CPU = Debug|Any CPU
		Release|Any CPU = Release|Any CPU
	EndGlobalSection
	GlobalSection(ProjectConfigurationPlatforms) = postSolution
		{F33A0F6E-C5D2-4F33-ADC1-91E4507A7345}.Debug|Any CPU.ActiveCfg = Debug|Any CPU
		{F33A0F6E-C5D2-4F33-ADC1-91E4507A7345}.Debug|Any CPU.Build.0 = Debug|Any CPU
		{F33A0F6E-C5D2-4F33-ADC1-91E4507A7345}.Release|Any CPU.ActiveCfg = Release|Any CPU
		{F33A0F6E-C5D2-4F33-ADC1-91E4507A7345}.Release|Any CPU.Build.0 = Release|Any CPU
	EndGlobalSection
	GlobalSection(SolutionProperties) = preSolution
		HideSolutionNode = FALSE
	EndGlobalSection
	GlobalSection(ExtensibilityGlobals) = postSolution
		SolutionGuid = {BD1DA333-E0C6-4CB5-92B6-616B3542693E}
	EndGlobalSection
EndGlobal
